
Microsoft Visual Studio Solution File, Format Version 12.00
Project("{FAE04EC0-301F-11D3-BF4B-00C04F79EFBC}") = "PaymentsSharing", "PaymentsSharing\PaymentsSharing.csproj", "{CBAF17DB-1905-4EDD-B142-1AABF199A040}"
EndProject
Global
	GlobalSection(SolutionConfigurationPlatforms) = preSolution
		Debug|Any CPU = Debug|Any CPU
		Release|Any CPU = Release|Any CPU
	EndGlobalSection
	GlobalSection(ProjectConfigurationPlatforms) = postSolution
		{CBAF17DB-1905-4EDD-B142-1AABF199A040}.Debug|Any CPU.ActiveCfg = Debug|Any CPU
		{CBAF17DB-1905-4EDD-B142-1AABF199A040}.Debug|Any CPU.Build.0 = Debug|Any CPU
		{CBAF17DB-1905-4EDD-B142-1AABF199A040}.Release|Any CPU.ActiveCfg = Release|Any CPU
		{CBAF17DB-1905-4EDD-B142-1AABF199A040}.Release|Any CPU.Build.0 = Release|Any CPU
	EndGlobalSection
EndGlobal
